
Microsoft Visual Studio Solution File, Format Version 12.00
# Visual Studio Version 17
VisualStudioVersion = 17.5.33627.172
MinimumVisualStudioVersion = 10.0.40219.1
Project("{9A19103F-16F7-4668-BE54-9A1E7A4F7556}") = "ProjectExpensesManager", "ProjectExpensesManager\ProjectExpensesManager.csproj", "{B2083A49-A1D3-4C1A-9557-731C40EC84DB}"
EndProject
Project("{FAE04EC0-301F-11D3-BF4B-00C04F79EFBC}") = "TestForProject", "TestForProject\TestForProject.csproj", "{12EBC456-98D6-4D72-92AC-27E519540121}"
EndProject
Global
	GlobalSection(SolutionConfigurationPlatforms) = preSolution
		Debug|Any CPU = Debug|Any CPU
		Release|Any CPU = Release|Any CPU
	EndGlobalSection
	GlobalSection(ProjectConfigurationPlatforms) = postSolution
		{B2083A49-A1D3-4C1A-9557-731C40EC84DB}.Debug|Any CPU.ActiveCfg = Debug|Any CPU
		{B2083A49-A1D3-4C1A-9557-731C40EC84DB}.Debug|Any CPU.Build.0 = Debug|Any CPU
		{B2083A49-A1D3-4C1A-9557-731C40EC84DB}.Release|Any CPU.ActiveCfg = Release|Any CPU
		{B2083A49-A1D3-4C1A-9557-731C40EC84DB}.Release|Any CPU.Build.0 = Release|Any CPU
		{12EBC456-98D6-4D72-92AC-27E519540121}.Debug|Any CPU.ActiveCfg = Debug|Any CPU
		{12EBC456-98D6-4D72-92AC-27E519540121}.Debug|Any CPU.Build.0 = Debug|Any CPU
		{12EBC456-98D6-4D72-92AC-27E519540121}.Release|Any CPU.ActiveCfg = Release|Any CPU
		{12EBC456-98D6-4D72-92AC-27E519540121}.Release|Any CPU.Build.0 = Release|Any CPU
	EndGlobalSection
	GlobalSection(SolutionProperties) = preSolution
		HideSolutionNode = FALSE
	EndGlobalSection
	GlobalSection(ExtensibilityGlobals) = postSolution
		SolutionGuid = {FB0A15D8-BFC1-4DF0-9FB2-BE1B52DC5DB2}
	EndGlobalSection
EndGlobal
